// !$*UTF8*$!
{
	archiveVersion = 1;
	classes = {
	};
	objectVersion = 77;
	objects = {

/* Begin PBXBuildFile section */
		51616E862DD8F5FA007B8250 /* JWTKit in Frameworks */ = {isa = PBXBuildFile; productRef = 51616E852DD8F5FA007B8250 /* JWTKit */; };
/* End PBXBuildFile section */

/* Begin PBXContainerItemProxy section */
		517283C02DDCD6D40064D974 /* PBXContainerItemProxy */ = {
			isa = PBXContainerItemProxy;
			containerPortal = 51616E662DD8EDE8007B8250 /* Project object */;
			proxyType = 1;
			remoteGlobalIDString = 51616E6D2DD8EDE8007B8250;
			remoteInfo = ShipShape;
		};
/* End PBXContainerItemProxy section */

/* Begin PBXFileReference section */
		51616E6E2DD8EDE8007B8250 /* ShipShape.app */ = {isa = PBXFileReference; explicitFileType = wrapper.application; includeInIndex = 0; path = ShipShape.app; sourceTree = BUILT_PRODUCTS_DIR; };
		517283BC2DDCD6D40064D974 /* ShipShapeTests.xctest */ = {isa = PBXFileReference; explicitFileType = wrapper.cfbundle; includeInIndex = 0; path = ShipShapeTests.xctest; sourceTree = BUILT_PRODUCTS_DIR; };
		7CCABEDC2DE4C77000BD5DAE /* Local.xcconfig */ = {isa = PBXFileReference; lastKnownFileType = text.xcconfig; path = Local.xcconfig; sourceTree = "<group>"; };
		7CCABEDD2DE4C77000BD5DAE /* LocalTests.xcconfig */ = {isa = PBXFileReference; lastKnownFileType = text.xcconfig; path = LocalTests.xcconfig; sourceTree = "<group>"; };
		7CCABEDE2DE4C77000BD5DAE /* Project-Debug.xcconfig */ = {isa = PBXFileReference; lastKnownFileType = text.xcconfig; path = "Project-Debug.xcconfig"; sourceTree = "<group>"; };
		7CCABEDF2DE4C77000BD5DAE /* Project-Release.xcconfig */ = {isa = PBXFileReference; lastKnownFileType = text.xcconfig; path = "Project-Release.xcconfig"; sourceTree = "<group>"; };
		7CCABEE02DE4C77000BD5DAE /* Project-Shared.xcconfig */ = {isa = PBXFileReference; lastKnownFileType = text.xcconfig; path = "Project-Shared.xcconfig"; sourceTree = "<group>"; };
		7CCABEE12DE4C77000BD5DAE /* ShipShape-Debug.xcconfig */ = {isa = PBXFileReference; lastKnownFileType = text.xcconfig; path = "ShipShape-Debug.xcconfig"; sourceTree = "<group>"; };
		7CCABEE22DE4C77000BD5DAE /* ShipShape-Release.xcconfig */ = {isa = PBXFileReference; lastKnownFileType = text.xcconfig; path = "ShipShape-Release.xcconfig"; sourceTree = "<group>"; };
		7CCABEE32DE4C77000BD5DAE /* ShipShape-Shared.xcconfig */ = {isa = PBXFileReference; lastKnownFileType = text.xcconfig; path = "ShipShape-Shared.xcconfig"; sourceTree = "<group>"; };
		7CCABEE42DE4C77000BD5DAE /* ShipShapeTests-Debug.xcconfig */ = {isa = PBXFileReference; lastKnownFileType = text.xcconfig; path = "ShipShapeTests-Debug.xcconfig"; sourceTree = "<group>"; };
		7CCABEE52DE4C77000BD5DAE /* ShipShapeTests-Release.xcconfig */ = {isa = PBXFileReference; lastKnownFileType = text.xcconfig; path = "ShipShapeTests-Release.xcconfig"; sourceTree = "<group>"; };
		7CCABEE62DE4C77000BD5DAE /* ShipShapeTests-Shared.xcconfig */ = {isa = PBXFileReference; lastKnownFileType = text.xcconfig; path = "ShipShapeTests-Shared.xcconfig"; sourceTree = "<group>"; };
/* End PBXFileReference section */

/* Begin PBXFileSystemSynchronizedBuildFileExceptionSet section */
		7CCAC0E32DE4D0BB00BD5DAE /* Exceptions for "ShipShape" folder in "ShipShape" target */ = {
			isa = PBXFileSystemSynchronizedBuildFileExceptionSet;
			membershipExceptions = (
				Info.plist,
			);
			target = 51616E6D2DD8EDE8007B8250 /* ShipShape */;
		};
/* End PBXFileSystemSynchronizedBuildFileExceptionSet section */

/* Begin PBXFileSystemSynchronizedRootGroup section */
		51616E702DD8EDE8007B8250 /* ShipShape */ = {
			isa = PBXFileSystemSynchronizedRootGroup;
			exceptions = (
				7CCAC0E32DE4D0BB00BD5DAE /* Exceptions for "ShipShape" folder in "ShipShape" target */,
			);
			path = ShipShape;
			sourceTree = "<group>";
		};
		517283BD2DDCD6D40064D974 /* ShipShapeTests */ = {
			isa = PBXFileSystemSynchronizedRootGroup;
			path = ShipShapeTests;
			sourceTree = "<group>";
		};
/* End PBXFileSystemSynchronizedRootGroup section */

/* Begin PBXFrameworksBuildPhase section */
		51616E6B2DD8EDE8007B8250 /* Frameworks */ = {
			isa = PBXFrameworksBuildPhase;
			buildActionMask = 2147483647;
			files = (
				51616E862DD8F5FA007B8250 /* JWTKit in Frameworks */,
			);
			runOnlyForDeploymentPostprocessing = 0;
		};
		517283B92DDCD6D40064D974 /* Frameworks */ = {
			isa = PBXFrameworksBuildPhase;
			buildActionMask = 2147483647;
			files = (
			);
			runOnlyForDeploymentPostprocessing = 0;
		};
/* End PBXFrameworksBuildPhase section */

/* Begin PBXGroup section */
		51616E652DD8EDE8007B8250 = {
			isa = PBXGroup;
			children = (
				7CCABEE72DE4C77000BD5DAE /* Configuration */,
				51616E702DD8EDE8007B8250 /* ShipShape */,
				517283BD2DDCD6D40064D974 /* ShipShapeTests */,
				51616E6F2DD8EDE8007B8250 /* Products */,
			);
			sourceTree = "<group>";
		};
		51616E6F2DD8EDE8007B8250 /* Products */ = {
			isa = PBXGroup;
			children = (
				51616E6E2DD8EDE8007B8250 /* ShipShape.app */,
				517283BC2DDCD6D40064D974 /* ShipShapeTests.xctest */,
			);
			name = Products;
			sourceTree = "<group>";
		};
		7CCABEE72DE4C77000BD5DAE /* Configuration */ = {
			isa = PBXGroup;
			children = (
				7CCABEDC2DE4C77000BD5DAE /* Local.xcconfig */,
				7CCABEDD2DE4C77000BD5DAE /* LocalTests.xcconfig */,
				7CCABEDE2DE4C77000BD5DAE /* Project-Debug.xcconfig */,
				7CCABEDF2DE4C77000BD5DAE /* Project-Release.xcconfig */,
				7CCABEE02DE4C77000BD5DAE /* Project-Shared.xcconfig */,
				7CCABEE12DE4C77000BD5DAE /* ShipShape-Debug.xcconfig */,
				7CCABEE22DE4C77000BD5DAE /* ShipShape-Release.xcconfig */,
				7CCABEE32DE4C77000BD5DAE /* ShipShape-Shared.xcconfig */,
				7CCABEE42DE4C77000BD5DAE /* ShipShapeTests-Debug.xcconfig */,
				7CCABEE52DE4C77000BD5DAE /* ShipShapeTests-Release.xcconfig */,
				7CCABEE62DE4C77000BD5DAE /* ShipShapeTests-Shared.xcconfig */,
			);
			path = Configuration;
			sourceTree = "<group>";
		};
/* End PBXGroup section */

/* Begin PBXNativeTarget section */
		51616E6D2DD8EDE8007B8250 /* ShipShape */ = {
			isa = PBXNativeTarget;
			buildConfigurationList = 51616E7A2DD8EDEA007B8250 /* Build configuration list for PBXNativeTarget "ShipShape" */;
			buildPhases = (
				51616E6A2DD8EDE8007B8250 /* Sources */,
				51616E6B2DD8EDE8007B8250 /* Frameworks */,
				51616E6C2DD8EDE8007B8250 /* Resources */,
				519DF1372DDDC2F800A2F9F1 /* Run SwiftLint */,
			);
			buildRules = (
			);
			dependencies = (
			);
			fileSystemSynchronizedGroups = (
				51616E702DD8EDE8007B8250 /* ShipShape */,
			);
			name = ShipShape;
			packageProductDependencies = (
				51616E852DD8F5FA007B8250 /* JWTKit */,
			);
			productName = ShipShape;
			productReference = 51616E6E2DD8EDE8007B8250 /* ShipShape.app */;
			productType = "com.apple.product-type.application";
		};
		517283BB2DDCD6D40064D974 /* ShipShapeTests */ = {
			isa = PBXNativeTarget;
			buildConfigurationList = 517283C22DDCD6D40064D974 /* Build configuration list for PBXNativeTarget "ShipShapeTests" */;
			buildPhases = (
				517283B82DDCD6D40064D974 /* Sources */,
				517283B92DDCD6D40064D974 /* Frameworks */,
				517283BA2DDCD6D40064D974 /* Resources */,
				519DF1382DDDC78100A2F9F1 /* Run SwiftLint */,
			);
			buildRules = (
			);
			dependencies = (
				517283C12DDCD6D40064D974 /* PBXTargetDependency */,
			);
			fileSystemSynchronizedGroups = (
				517283BD2DDCD6D40064D974 /* ShipShapeTests */,
			);
			name = ShipShapeTests;
			packageProductDependencies = (
			);
			productName = ShipShapeTests;
			productReference = 517283BC2DDCD6D40064D974 /* ShipShapeTests.xctest */;
			productType = "com.apple.product-type.bundle.unit-test";
		};
/* End PBXNativeTarget section */

/* Begin PBXProject section */
		51616E662DD8EDE8007B8250 /* Project object */ = {
			isa = PBXProject;
			attributes = {
				BuildIndependentTargetsInParallel = 1;
				LastSwiftUpdateCheck = 1630;
				LastUpgradeCheck = 1630;
				TargetAttributes = {
					51616E6D2DD8EDE8007B8250 = {
						CreatedOnToolsVersion = 16.3;
					};
					517283BB2DDCD6D40064D974 = {
						CreatedOnToolsVersion = 16.3;
						TestTargetID = 51616E6D2DD8EDE8007B8250;
					};
				};
			};
			buildConfigurationList = 51616E692DD8EDE8007B8250 /* Build configuration list for PBXProject "ShipShape" */;
			developmentRegion = en;
			hasScannedForEncodings = 0;
			knownRegions = (
				en,
				Base,
			);
			mainGroup = 51616E652DD8EDE8007B8250;
			minimizedProjectReferenceProxies = 1;
			packageReferences = (
				51616E842DD8F5FA007B8250 /* XCRemoteSwiftPackageReference "jwt-kit" */,
			);
			preferredProjectObjectVersion = 77;
			productRefGroup = 51616E6F2DD8EDE8007B8250 /* Products */;
			projectDirPath = "";
			projectRoot = "";
			targets = (
				51616E6D2DD8EDE8007B8250 /* ShipShape */,
				517283BB2DDCD6D40064D974 /* ShipShapeTests */,
			);
		};
/* End PBXProject section */

/* Begin PBXResourcesBuildPhase section */
		51616E6C2DD8EDE8007B8250 /* Resources */ = {
			isa = PBXResourcesBuildPhase;
			buildActionMask = 2147483647;
			files = (
			);
			runOnlyForDeploymentPostprocessing = 0;
		};
		517283BA2DDCD6D40064D974 /* Resources */ = {
			isa = PBXResourcesBuildPhase;
			buildActionMask = 2147483647;
			files = (
			);
			runOnlyForDeploymentPostprocessing = 0;
		};
/* End PBXResourcesBuildPhase section */

/* Begin PBXShellScriptBuildPhase section */
		519DF1372DDDC2F800A2F9F1 /* Run SwiftLint */ = {
			isa = PBXShellScriptBuildPhase;
			alwaysOutOfDate = 1;
			buildActionMask = 2147483647;
			files = (
			);
			inputFileListPaths = (
			);
			inputPaths = (
			);
			name = "Run SwiftLint";
			outputFileListPaths = (
			);
			outputPaths = (
			);
			runOnlyForDeploymentPostprocessing = 0;
			shellPath = /bin/sh;
			shellScript = "if [[ \"$(uname -m)\" == arm64 ]]\nthen\n    export PATH=\"/opt/homebrew/bin:$PATH\"\nfi\n\nif command -v swiftlint >/dev/null 2>&1\nthen\n    swiftlint\nelse\n    echo \"warning: SwiftLint was not found. See https://github.com/realm/SwiftLint#installation for installation instructions.\"\nfi\n";
		};
		519DF1382DDDC78100A2F9F1 /* Run SwiftLint */ = {
			isa = PBXShellScriptBuildPhase;
			alwaysOutOfDate = 1;
			buildActionMask = 2147483647;
			files = (
			);
			inputFileListPaths = (
			);
			inputPaths = (
			);
			name = "Run SwiftLint";
			outputFileListPaths = (
			);
			outputPaths = (
			);
			runOnlyForDeploymentPostprocessing = 0;
			shellPath = /bin/sh;
			shellScript = "if [[ \"$(uname -m)\" == arm64 ]]\nthen\n    export PATH=\"/opt/homebrew/bin:$PATH\"\nfi\n\nif command -v swiftlint >/dev/null 2>&1\nthen\n    swiftlint\nelse\n    echo \"warning: SwiftLint was not found. See https://github.com/realm/SwiftLint#installation for installation instructions.\"\nfi\n";
		};
/* End PBXShellScriptBuildPhase section */

/* Begin PBXSourcesBuildPhase section */
		51616E6A2DD8EDE8007B8250 /* Sources */ = {
			isa = PBXSourcesBuildPhase;
			buildActionMask = 2147483647;
			files = (
			);
			runOnlyForDeploymentPostprocessing = 0;
		};
		517283B82DDCD6D40064D974 /* Sources */ = {
			isa = PBXSourcesBuildPhase;
			buildActionMask = 2147483647;
			files = (
			);
			runOnlyForDeploymentPostprocessing = 0;
		};
/* End PBXSourcesBuildPhase section */

/* Begin PBXTargetDependency section */
		517283C12DDCD6D40064D974 /* PBXTargetDependency */ = {
			isa = PBXTargetDependency;
			target = 51616E6D2DD8EDE8007B8250 /* ShipShape */;
			targetProxy = 517283C02DDCD6D40064D974 /* PBXContainerItemProxy */;
		};
/* End PBXTargetDependency section */

/* Begin XCBuildConfiguration section */
		51616E782DD8EDEA007B8250 /* Debug */ = {
			isa = XCBuildConfiguration;
			baseConfigurationReference = 7CCABEDE2DE4C77000BD5DAE /* Project-Debug.xcconfig */;
			buildSettings = {
			};
			name = Debug;
		};
		51616E792DD8EDEA007B8250 /* Release */ = {
			isa = XCBuildConfiguration;
			baseConfigurationReference = 7CCABEDF2DE4C77000BD5DAE /* Project-Release.xcconfig */;
			buildSettings = {
			};
			name = Release;
		};
		51616E7B2DD8EDEA007B8250 /* Debug */ = {
			isa = XCBuildConfiguration;
			baseConfigurationReference = 7CCABEE12DE4C77000BD5DAE /* ShipShape-Debug.xcconfig */;
			buildSettings = {
			};
			name = Debug;
		};
		51616E7C2DD8EDEA007B8250 /* Release */ = {
			isa = XCBuildConfiguration;
			baseConfigurationReference = 7CCABEE22DE4C77000BD5DAE /* ShipShape-Release.xcconfig */;
			buildSettings = {
			};
			name = Release;
		};
		517283C32DDCD6D40064D974 /* Debug */ = {
			isa = XCBuildConfiguration;
			baseConfigurationReference = 7CCABEE42DE4C77000BD5DAE /* ShipShapeTests-Debug.xcconfig */;
			buildSettings = {
			};
			name = Debug;
		};
		517283C42DDCD6D40064D974 /* Release */ = {
			isa = XCBuildConfiguration;
			baseConfigurationReference = 7CCABEE52DE4C77000BD5DAE /* ShipShapeTests-Release.xcconfig */;
			buildSettings = {
			};
			name = Release;
		};
/* End XCBuildConfiguration section */

/* Begin XCConfigurationList section */
		51616E692DD8EDE8007B8250 /* Build configuration list for PBXProject "ShipShape" */ = {
			isa = XCConfigurationList;
			buildConfigurations = (
				51616E782DD8EDEA007B8250 /* Debug */,
				51616E792DD8EDEA007B8250 /* Release */,
			);
			defaultConfigurationIsVisible = 0;
			defaultConfigurationName = Release;
		};
		51616E7A2DD8EDEA007B8250 /* Build configuration list for PBXNativeTarget "ShipShape" */ = {
			isa = XCConfigurationList;
			buildConfigurations = (
				51616E7B2DD8EDEA007B8250 /* Debug */,
				51616E7C2DD8EDEA007B8250 /* Release */,
			);
			defaultConfigurationIsVisible = 0;
			defaultConfigurationName = Release;
		};
		517283C22DDCD6D40064D974 /* Build configuration list for PBXNativeTarget "ShipShapeTests" */ = {
			isa = XCConfigurationList;
			buildConfigurations = (
				517283C32DDCD6D40064D974 /* Debug */,
				517283C42DDCD6D40064D974 /* Release */,
			);
			defaultConfigurationIsVisible = 0;
			defaultConfigurationName = Release;
		};
/* End XCConfigurationList section */

/* Begin XCRemoteSwiftPackageReference section */
		51616E842DD8F5FA007B8250 /* XCRemoteSwiftPackageReference "jwt-kit" */ = {
			isa = XCRemoteSwiftPackageReference;
			repositoryURL = "https://www.github.com/vapor/jwt-kit";
			requirement = {
				kind = upToNextMajorVersion;
				minimumVersion = 5.1.2;
			};
		};
/* End XCRemoteSwiftPackageReference section */

/* Begin XCSwiftPackageProductDependency section */
		51616E852DD8F5FA007B8250 /* JWTKit */ = {
			isa = XCSwiftPackageProductDependency;
			package = 51616E842DD8F5FA007B8250 /* XCRemoteSwiftPackageReference "jwt-kit" */;
			productName = JWTKit;
		};
/* End XCSwiftPackageProductDependency section */
	};
	rootObject = 51616E662DD8EDE8007B8250 /* Project object */;
}
